
Microsoft Visual Studio Solution File, Format Version 12.00
# Visual Studio Version 17
VisualStudioVersion = 17.0.31903.59
MinimumVisualStudioVersion = 10.0.40219.1
Project("{2150E333-8FDC-42A3-9474-1A3956D46DE8}") = "src", "src", "{827E0CD3-B72D-47B6-A68D-7590B98EB39B}"
EndProject
Project("{FAE04EC0-301F-11D3-BF4B-00C04F79EFBC}") = "ListForge.Domain", "src\ListForge.Domain\ListForge.Domain.csproj", "{6C5A2764-C981-4048-B54C-741E0263ED9C}"
EndProject
Project("{FAE04EC0-301F-11D3-BF4B-00C04F79EFBC}") = "ListForge.Application", "src\ListForge.Application\ListForge.Application.csproj", "{C15343A1-C8BA-4F00-9506-AB964A4597D7}"
EndProject
Project("{FAE04EC0-301F-11D3-BF4B-00C04F79EFBC}") = "ListForge.Infrastructure", "src\ListForge.Infrastructure\ListForge.Infrastructure.csproj", "{81D52462-2F98-4140-889B-7F7CCEFA7D86}"
EndProject
Project("{FAE04EC0-301F-11D3-BF4B-00C04F79EFBC}") = "ListForge.Contracts", "src\ListForge.Contracts\ListForge.Contracts.csproj", "{479EF9B5-90BB-4B68-B17C-295F0E7FBE66}"
EndProject
Project("{FAE04EC0-301F-11D3-BF4B-00C04F79EFBC}") = "ListForge.API", "src\ListForge.API\ListForge.API.csproj", "{1D1F8EC1-7898-4D9F-A996-9C9BBAAB85A2}"
EndProject
Project("{2150E333-8FDC-42A3-9474-1A3956D46DE8}") = "tests", "tests", "{0AB3BF05-4346-4AA6-1389-037BE0695223}"
EndProject
Project("{FAE04EC0-301F-11D3-BF4B-00C04F79EFBC}") = "ListForge.Domain.Tests", "tests\ListForge.Domain.Tests\ListForge.Domain.Tests.csproj", "{A9C50C3B-68F8-45F2-B056-0398AAD3073F}"
EndProject
Project("{FAE04EC0-301F-11D3-BF4B-00C04F79EFBC}") = "ListForge.Application.Tests", "tests\ListForge.Application.Tests\ListForge.Application.Tests.csproj", "{0C843708-17FE-47D6-82A0-8ADF88789125}"
EndProject
Project("{FAE04EC0-301F-11D3-BF4B-00C04F79EFBC}") = "ListForge.Infrastructure.Tests", "tests\ListForge.Infrastructure.Tests\ListForge.Infrastructure.Tests.csproj", "{E44C5373-32AE-4C4F-90B4-67152606A33E}"
EndProject
Project("{FAE04EC0-301F-11D3-BF4B-00C04F79EFBC}") = "ListForge.API.Tests", "tests\ListForge.API.Tests\ListForge.API.Tests.csproj", "{9AA1CCEF-3CEF-4D7A-88F4-26A0D0FC6CE0}"
EndProject
Global
	GlobalSection(SolutionConfigurationPlatforms) = preSolution
		Debug|Any CPU = Debug|Any CPU
		Debug|x64 = Debug|x64
		Debug|x86 = Debug|x86
		Release|Any CPU = Release|Any CPU
		Release|x64 = Release|x64
		Release|x86 = Release|x86
	EndGlobalSection
	GlobalSection(ProjectConfigurationPlatforms) = postSolution
		{6C5A2764-C981-4048-B54C-741E0263ED9C}.Debug|Any CPU.ActiveCfg = Debug|Any CPU
		{6C5A2764-C981-4048-B54C-741E0263ED9C}.Debug|Any CPU.Build.0 = Debug|Any CPU
		{6C5A2764-C981-4048-B54C-741E0263ED9C}.Debug|x64.ActiveCfg = Debug|Any CPU
		{6C5A2764-C981-4048-B54C-741E0263ED9C}.Debug|x64.Build.0 = Debug|Any CPU
		{6C5A2764-C981-4048-B54C-741E0263ED9C}.Debug|x86.ActiveCfg = Debug|Any CPU
		{6C5A2764-C981-4048-B54C-741E0263ED9C}.Debug|x86.Build.0 = Debug|Any CPU
		{6C5A2764-C981-4048-B54C-741E0263ED9C}.Release|Any CPU.ActiveCfg = Release|Any CPU
		{6C5A2764-C981-4048-B54C-741E0263ED9C}.Release|Any CPU.Build.0 = Release|Any CPU
		{6C5A2764-C981-4048-B54C-741E0263ED9C}.Release|x64.ActiveCfg = Release|Any CPU
		{6C5A2764-C981-4048-B54C-741E0263ED9C}.Release|x64.Build.0 = Release|Any CPU
		{6C5A2764-C981-4048-B54C-741E0263ED9C}.Release|x86.ActiveCfg = Release|Any CPU
		{6C5A2764-C981-4048-B54C-741E0263ED9C}.Release|x86.Build.0 = Release|Any CPU
		{C15343A1-C8BA-4F00-9506-AB964A4597D7}.Debug|Any CPU.ActiveCfg = Debug|Any CPU
		{C15343A1-C8BA-4F00-9506-AB964A4597D7}.Debug|Any CPU.Build.0 = Debug|Any CPU
		{C15343A1-C8BA-4F00-9506-AB964A4597D7}.Debug|x64.ActiveCfg = Debug|Any CPU
		{C15343A1-C8BA-4F00-9506-AB964A4597D7}.Debug|x64.Build.0 = Debug|Any CPU
		{C15343A1-C8BA-4F00-9506-AB964A4597D7}.Debug|x86.ActiveCfg = Debug|Any CPU
		{C15343A1-C8BA-4F00-9506-AB964A4597D7}.Debug|x86.Build.0 = Debug|Any CPU
		{C15343A1-C8BA-4F00-9506-AB964A4597D7}.Release|Any CPU.ActiveCfg = Release|Any CPU
		{C15343A1-C8BA-4F00-9506-AB964A4597D7}.Release|Any CPU.Build.0 = Release|Any CPU
		{C15343A1-C8BA-4F00-9506-AB964A4597D7}.Release|x64.ActiveCfg = Release|Any CPU
		{C15343A1-C8BA-4F00-9506-AB964A4597D7}.Release|x64.Build.0 = Release|Any CPU
		{C15343A1-C8BA-4F00-9506-AB964A4597D7}.Release|x86.ActiveCfg = Release|Any CPU
		{C15343A1-C8BA-4F00-9506-AB964A4597D7}.Release|x86.Build.0 = Release|Any CPU
		{81D52462-2F98-4140-889B-7F7CCEFA7D86}.Debug|Any CPU.ActiveCfg = Debug|Any CPU
		{81D52462-2F98-4140-889B-7F7CCEFA7D86}.Debug|Any CPU.Build.0 = Debug|Any CPU
		{81D52462-2F98-4140-889B-7F7CCEFA7D86}.Debug|x64.ActiveCfg = Debug|Any CPU
		{81D52462-2F98-4140-889B-7F7CCEFA7D86}.Debug|x64.Build.0 = Debug|Any CPU
		{81D52462-2F98-4140-889B-7F7CCEFA7D86}.Debug|x86.ActiveCfg = Debug|Any CPU
		{81D52462-2F98-4140-889B-7F7CCEFA7D86}.Debug|x86.Build.0 = Debug|Any CPU
		{81D52462-2F98-4140-889B-7F7CCEFA7D86}.Release|Any CPU.ActiveCfg = Release|Any CPU
		{81D52462-2F98-4140-889B-7F7CCEFA7D86}.Release|Any CPU.Build.0 = Release|Any CPU
		{81D52462-2F98-4140-889B-7F7CCEFA7D86}.Release|x64.ActiveCfg = Release|Any CPU
		{81D52462-2F98-4140-889B-7F7CCEFA7D86}.Release|x64.Build.0 = Release|Any CPU
		{81D52462-2F98-4140-889B-7F7CCEFA7D86}.Release|x86.ActiveCfg = Release|Any CPU
		{81D52462-2F98-4140-889B-7F7CCEFA7D86}.Release|x86.Build.0 = Release|Any CPU
		{479EF9B5-90BB-4B68-B17C-295F0E7FBE66}.Debug|Any CPU.ActiveCfg = Debug|Any CPU
		{479EF9B5-90BB-4B68-B17C-295F0E7FBE66}.Debug|Any CPU.Build.0 = Debug|Any CPU
		{479EF9B5-90BB-4B68-B17C-295F0E7FBE66}.Debug|x64.ActiveCfg = Debug|Any CPU
		{479EF9B5-90BB-4B68-B17C-295F0E7FBE66}.Debug|x64.Build.0 = Debug|Any CPU
		{479EF9B5-90BB-4B68-B17C-295F0E7FBE66}.Debug|x86.ActiveCfg = Debug|Any CPU
		{479EF9B5-90BB-4B68-B17C-295F0E7FBE66}.Debug|x86.Build.0 = Debug|Any CPU
		{479EF9B5-90BB-4B68-B17C-295F0E7FBE66}.Release|Any CPU.ActiveCfg = Release|Any CPU
		{479EF9B5-90BB-4B68-B17C-295F0E7FBE66}.Release|Any CPU.Build.0 = Release|Any CPU
		{479EF9B5-90BB-4B68-B17C-295F0E7FBE66}.Release|x64.ActiveCfg = Release|Any CPU
		{479EF9B5-90BB-4B68-B17C-295F0E7FBE66}.Release|x64.Build.0 = Release|Any CPU
		{479EF9B5-90BB-4B68-B17C-295F0E7FBE66}.Release|x86.ActiveCfg = Release|Any CPU
		{479EF9B5-90BB-4B68-B17C-295F0E7FBE66}.Release|x86.Build.0 = Release|Any CPU
		{1D1F8EC1-7898-4D9F-A996-9C9BBAAB85A2}.Debug|Any CPU.ActiveCfg = Debug|Any CPU
		{1D1F8EC1-7898-4D9F-A996-9C9BBAAB85A2}.Debug|Any CPU.Build.0 = Debug|Any CPU
		{1D1F8EC1-7898-4D9F-A996-9C9BBAAB85A2}.Debug|x64.ActiveCfg = Debug|Any CPU
		{1D1F8EC1-7898-4D9F-A996-9C9BBAAB85A2}.Debug|x64.Build.0 = Debug|Any CPU
		{1D1F8EC1-7898-4D9F-A996-9C9BBAAB85A2}.Debug|x86.ActiveCfg = Debug|Any CPU
		{1D1F8EC1-7898-4D9F-A996-9C9BBAAB85A2}.Debug|x86.Build.0 = Debug|Any CPU
		{1D1F8EC1-7898-4D9F-A996-9C9BBAAB85A2}.Release|Any CPU.ActiveCfg = Release|Any CPU
		{1D1F8EC1-7898-4D9F-A996-9C9BBAAB85A2}.Release|Any CPU.Build.0 = Release|Any CPU
		{1D1F8EC1-7898-4D9F-A996-9C9BBAAB85A2}.Release|x64.ActiveCfg = Release|Any CPU
		{1D1F8EC1-7898-4D9F-A996-9C9BBAAB85A2}.Release|x64.Build.0 = Release|Any CPU
		{1D1F8EC1-7898-4D9F-A996-9C9BBAAB85A2}.Release|x86.ActiveCfg = Release|Any CPU
		{1D1F8EC1-7898-4D9F-A996-9C9BBAAB85A2}.Release|x86.Build.0 = Release|Any CPU
		{A9C50C3B-68F8-45F2-B056-0398AAD3073F}.Debug|Any CPU.ActiveCfg = Debug|Any CPU
		{A9C50C3B-68F8-45F2-B056-0398AAD3073F}.Debug|Any CPU.Build.0 = Debug|Any CPU
		{A9C50C3B-68F8-45F2-B056-0398AAD3073F}.Debug|x64.ActiveCfg = Debug|Any CPU
		{A9C50C3B-68F8-45F2-B056-0398AAD3073F}.Debug|x64.Build.0 = Debug|Any CPU
		{A9C50C3B-68F8-45F2-B056-0398AAD3073F}.Debug|x86.ActiveCfg = Debug|Any CPU
		{A9C50C3B-68F8-45F2-B056-0398AAD3073F}.Debug|x86.Build.0 = Debug|Any CPU
		{A9C50C3B-68F8-45F2-B056-0398AAD3073F}.Release|Any CPU.ActiveCfg = Release|Any CPU
		{A9C50C3B-68F8-45F2-B056-0398AAD3073F}.Release|Any CPU.Build.0 = Release|Any CPU
		{A9C50C3B-68F8-45F2-B056-0398AAD3073F}.Release|x64.ActiveCfg = Release|Any CPU
		{A9C50C3B-68F8-45F2-B056-0398AAD3073F}.Release|x64.Build.0 = Release|Any CPU
		{A9C50C3B-68F8-45F2-B056-0398AAD3073F}.Release|x86.ActiveCfg = Release|Any CPU
		{A9C50C3B-68F8-45F2-B056-0398AAD3073F}.Release|x86.Build.0 = Release|Any CPU
		{0C843708-17FE-47D6-82A0-8ADF88789125}.Debug|Any CPU.ActiveCfg = Debug|Any CPU
		{0C843708-17FE-47D6-82A0-8ADF88789125}.Debug|Any CPU.Build.0 = Debug|Any CPU
		{0C843708-17FE-47D6-82A0-8ADF88789125}.Debug|x64.ActiveCfg = Debug|Any CPU
		{0C843708-17FE-47D6-82A0-8ADF88789125}.Debug|x64.Build.0 = Debug|Any CPU
		{0C843708-17FE-47D6-82A0-8ADF88789125}.Debug|x86.ActiveCfg = Debug|Any CPU
		{0C843708-17FE-47D6-82A0-8ADF88789125}.Debug|x86.Build.0 = Debug|Any CPU
		{0C843708-17FE-47D6-82A0-8ADF88789125}.Release|Any CPU.ActiveCfg = Release|Any CPU
		{0C843708-17FE-47D6-82A0-8ADF88789125}.Release|Any CPU.Build.0 = Release|Any CPU
		{0C843708-17FE-47D6-82A0-8ADF88789125}.Release|x64.ActiveCfg = Release|Any CPU
		{0C843708-17FE-47D6-82A0-8ADF88789125}.Release|x64.Build.0 = Release|Any CPU
		{0C843708-17FE-47D6-82A0-8ADF88789125}.Release|x86.ActiveCfg = Release|Any CPU
		{0C843708-17FE-47D6-82A0-8ADF88789125}.Release|x86.Build.0 = Release|Any CPU
		{E44C5373-32AE-4C4F-90B4-67152606A33E}.Debug|Any CPU.ActiveCfg = Debug|Any CPU
		{E44C5373-32AE-4C4F-90B4-67152606A33E}.Debug|Any CPU.Build.0 = Debug|Any CPU
		{E44C5373-32AE-4C4F-90B4-67152606A33E}.Debug|x64.ActiveCfg = Debug|Any CPU
		{E44C5373-32AE-4C4F-90B4-67152606A33E}.Debug|x64.Build.0 = Debug|Any CPU
		{E44C5373-32AE-4C4F-90B4-67152606A33E}.Debug|x86.ActiveCfg = Debug|Any CPU
		{E44C5373-32AE-4C4F-90B4-67152606A33E}.Debug|x86.Build.0 = Debug|Any CPU
		{E44C5373-32AE-4C4F-90B4-67152606A33E}.Release|Any CPU.ActiveCfg = Release|Any CPU
		{E44C5373-32AE-4C4F-90B4-67152606A33E}.Release|Any CPU.Build.0 = Release|Any CPU
		{E44C5373-32AE-4C4F-90B4-67152606A33E}.Release|x64.ActiveCfg = Release|Any CPU
		{E44C5373-32AE-4C4F-90B4-67152606A33E}.Release|x64.Build.0 = Release|Any CPU
		{E44C5373-32AE-4C4F-90B4-67152606A33E}.Release|x86.ActiveCfg = Release|Any CPU
		{E44C5373-32AE-4C4F-90B4-67152606A33E}.Release|x86.Build.0 = Release|Any CPU
		{9AA1CCEF-3CEF-4D7A-88F4-26A0D0FC6CE0}.Debug|Any CPU.ActiveCfg = Debug|Any CPU
		{9AA1CCEF-3CEF-4D7A-88F4-26A0D0FC6CE0}.Debug|Any CPU.Build.0 = Debug|Any CPU
		{9AA1CCEF-3CEF-4D7A-88F4-26A0D0FC6CE0}.Debug|x64.ActiveCfg = Debug|Any CPU
		{9AA1CCEF-3CEF-4D7A-88F4-26A0D0FC6CE0}.Debug|x64.Build.0 = Debug|Any CPU
		{9AA1CCEF-3CEF-4D7A-88F4-26A0D0FC6CE0}.Debug|x86.ActiveCfg = Debug|Any CPU
		{9AA1CCEF-3CEF-4D7A-88F4-26A0D0FC6CE0}.Debug|x86.Build.0 = Debug|Any CPU
		{9AA1CCEF-3CEF-4D7A-88F4-26A0D0FC6CE0}.Release|Any CPU.ActiveCfg = Release|Any CPU
		{9AA1CCEF-3CEF-4D7A-88F4-26A0D0FC6CE0}.Release|Any CPU.Build.0 = Release|Any CPU
		{9AA1CCEF-3CEF-4D7A-88F4-26A0D0FC6CE0}.Release|x64.ActiveCfg = Release|Any CPU
		{9AA1CCEF-3CEF-4D7A-88F4-26A0D0FC6CE0}.Release|x64.Build.0 = Release|Any CPU
		{9AA1CCEF-3CEF-4D7A-88F4-26A0D0FC6CE0}.Release|x86.ActiveCfg = Release|Any CPU
		{9AA1CCEF-3CEF-4D7A-88F4-26A0D0FC6CE0}.Release|x86.Build.0 = Release|Any CPU
	EndGlobalSection
	GlobalSection(SolutionProperties) = preSolution
		HideSolutionNode = FALSE
	EndGlobalSection
	GlobalSection(NestedProjects) = preSolution
		{6C5A2764-C981-4048-B54C-741E0263ED9C} = {827E0CD3-B72D-47B6-A68D-7590B98EB39B}
		{C15343A1-C8BA-4F00-9506-AB964A4597D7} = {827E0CD3-B72D-47B6-A68D-7590B98EB39B}
		{81D52462-2F98-4140-889B-7F7CCEFA7D86} = {827E0CD3-B72D-47B6-A68D-7590B98EB39B}
		{479EF9B5-90BB-4B68-B17C-295F0E7FBE66} = {827E0CD3-B72D-47B6-A68D-7590B98EB39B}
		{1D1F8EC1-7898-4D9F-A996-9C9BBAAB85A2} = {827E0CD3-B72D-47B6-A68D-7590B98EB39B}
		{A9C50C3B-68F8-45F2-B056-0398AAD3073F} = {0AB3BF05-4346-4AA6-1389-037BE0695223}
		{0C843708-17FE-47D6-82A0-8ADF88789125} = {0AB3BF05-4346-4AA6-1389-037BE0695223}
		{E44C5373-32AE-4C4F-90B4-67152606A33E} = {0AB3BF05-4346-4AA6-1389-037BE0695223}
		{9AA1CCEF-3CEF-4D7A-88F4-26A0D0FC6CE0} = {0AB3BF05-4346-4AA6-1389-037BE0695223}
	EndGlobalSection
EndGlobal
