{
  "version": 2,
  "dependencies": {
    "net9.0": {
      "Microsoft.Extensions.Options.ConfigurationExtensions": {
        "type": "Direct",
        "requested": "[9.0.15, )",
        "resolved": "9.0.15",
        "contentHash": "g7IlZ1Qp1c5J0UPx9aesAvxTbIDkSM2EqBFeH1VBLCoYQYZjMoVQlVB+jYmsNs0lgrAa91p0yRoYu5HGYaGxCg==",
        "dependencies": {
          "Microsoft.Extensions.Configuration.Abstractions": "9.0.15",
          "Microsoft.Extensions.Configuration.Binder": "9.0.15",
          "Microsoft.Extensions.DependencyInjection.Abstractions": "9.0.15",
          "Microsoft.Extensions.Options": "9.0.15",
          "Microsoft.Extensions.Primitives": "9.0.15"
        }
      },
      "Microsoft.Extensions.Options.DataAnnotations": {
        "type": "Direct",
        "requested": "[10.0.7, )",
        "resolved": "10.0.7",
        "contentHash": "KWepqdSD4PxhFvVh3mckkvJ03u3q/VChkr6nT3nf5mm2XBk8ojxt2E4It0RMblb3GE7hJ0zQzFzxGKL0d6TfXA==",
        "dependencies": {
          "Microsoft.Extensions.DependencyInjection.Abstractions": "10.0.7",
          "Microsoft.Extensions.Options": "10.0.7"
        }
      },
      "Microsoft.Extensions.Configuration.Abstractions": {
        "type": "Transitive",
        "resolved": "9.0.15",
        "contentHash": "M9s2mDxtfNdS6SbemODzDxHgm+eIhZPSuTc0s0QazQoSceTXTv+OjthKqf8r/FehXtABXD01ijQNdtODDFtnxg==",
        "dependencies": {
          "Microsoft.Extensions.Primitives": "9.0.15"
        }
      },
      "Microsoft.Extensions.Configuration.Binder": {
        "type": "Transitive",
        "resolved": "9.0.15",
        "contentHash": "6hOTcdyGlJBBHl1DqbnvqSbHsJp814r5HMXGkTH1Jg6IosqwqZhh00/UCUJ0oXrACO096wWuCMfKMIPbnMGWIQ==",
        "dependencies": {
          "Microsoft.Extensions.Configuration.Abstractions": "9.0.15"
        }
      },
      "Microsoft.Extensions.DependencyInjection.Abstractions": {
        "type": "Transitive",
        "resolved": "10.0.7",
        "contentHash": "Z6mfFEaFcwCfSboxJwOLfu7/31npCY9q70WUamHW/vRQhDvBKOT4Vf9YkZj5J6hLvJpb0oDEYfHunQZj0xxvKw=="
      },
      "Microsoft.Extensions.Options": {
        "type": "Transitive",
        "resolved": "10.0.7",
        "contentHash": "00SHUGTh2jSMvIr6x9Xwd2nE+B5/qFCO/9hDwUDhJsjYRDlADmaBZ7tqehXzBDsfjHSXJzuRHJzPYPPjphBQ7Q==",
        "dependencies": {
          "Microsoft.Extensions.DependencyInjection.Abstractions": "10.0.7",
          "Microsoft.Extensions.Primitives": "10.0.7"
        }
      },
      "Microsoft.Extensions.Primitives": {
        "type": "Transitive",
        "resolved": "10.0.7",
        "contentHash": "D5M0Jr551iTgwkZMN9rm0pSkgNLj5quUWQUmQPMZh7k/bnvZTnXRGfE2KuvXf1EEjt/ofD9yw9IumpgdP9QCnw=="
      },
      "listforge.application": {
        "type": "Project",
        "dependencies": {
          "ListForge.Contracts": "[1.0.0, )",
          "ListForge.Domain": "[1.0.0, )"
        }
      },
      "listforge.contracts": {
        "type": "Project"
      },
      "listforge.domain": {
        "type": "Project"
      }
    }
  }
}