{
  "version": 2,
  "dependencies": {
    "net9.0": {
      "Microsoft.Extensions.Options.ConfigurationExtensions": {
        "type": "Direct",
        "requested": "[9.0.15, )",
        "resolved": "9.0.15",
        "contentHash": "g7IlZ1Qp1c5J0UPx9aesAvxTbIDkSM2EqBFeH1VBLCoYQYZjMoVQlVB+jYmsNs0lgrAa91p0yRoYu5HGYaGxCg==",
        "dependencies": {
          "Microsoft.Extensions.Configuration.Abstractions": "9.0.15",
          "Microsoft.Extensions.Configuration.Binder": "9.0.15",
          "Microsoft.Extensions.DependencyInjection.Abstractions": "9.0.15",
          "Microsoft.Extensions.Options": "9.0.15",
          "Microsoft.Extensions.Primitives": "9.0.15"
        }
      },
      "Microsoft.Extensions.Options.DataAnnotations": {
        "type": "Direct",
        "requested": "[9.0.15, )",
        "resolved": "9.0.15",
        "contentHash": "XDjHN5oSQ8u2iyniZeGmE/UFAnVEsAMXz/78S0qmVh1N5lSD/qVydyJ8/hSzrrsdeYrSahsdhf1N6PEDF4h77Q==",
        "dependencies": {
          "Microsoft.Extensions.DependencyInjection.Abstractions": "9.0.15",
          "Microsoft.Extensions.Options": "9.0.15"
        }
      },
      "Microsoft.Extensions.Configuration.Abstractions": {
        "type": "Transitive",
        "resolved": "9.0.15",
        "contentHash": "M9s2mDxtfNdS6SbemODzDxHgm+eIhZPSuTc0s0QazQoSceTXTv+OjthKqf8r/FehXtABXD01ijQNdtODDFtnxg==",
        "dependencies": {
          "Microsoft.Extensions.Primitives": "9.0.15"
        }
      },
      "Microsoft.Extensions.Configuration.Binder": {
        "type": "Transitive",
        "resolved": "9.0.15",
        "contentHash": "6hOTcdyGlJBBHl1DqbnvqSbHsJp814r5HMXGkTH1Jg6IosqwqZhh00/UCUJ0oXrACO096wWuCMfKMIPbnMGWIQ==",
        "dependencies": {
          "Microsoft.Extensions.Configuration.Abstractions": "9.0.15"
        }
      },
      "Microsoft.Extensions.DependencyInjection.Abstractions": {
        "type": "Transitive",
        "resolved": "9.0.15",
        "contentHash": "4ulUZtcGCPQ/LadApR1QftrRZ0AvxGW6SsVhS3QoTAwZtzhbN6x0VCVPoXsoPkznUrgzy8bi4KZ+kFt5jsP40Q=="
      },
      "Microsoft.Extensions.Options": {
        "type": "Transitive",
        "resolved": "9.0.15",
        "contentHash": "MbKKtaKGlvil2KWaA3x81l15mUorZGhqe4v8h3eLl7YU6gpOlfARnXYxHxx3GEakHl0De0zeu1kFm3u/NiPdKg==",
        "dependencies": {
          "Microsoft.Extensions.DependencyInjection.Abstractions": "9.0.15",
          "Microsoft.Extensions.Primitives": "9.0.15"
        }
      },
      "Microsoft.Extensions.Primitives": {
        "type": "Transitive",
        "resolved": "9.0.15",
        "contentHash": "WRPJ9kpIwsOcghRT0tduIqiz7CDv7WsnL4kTJavtHS4j5AW++4LlR63oOSTL2o/zLR4T1z0/FQMgrnsPJ5bpQQ=="
      },
      "listforge.application": {
        "type": "Project",
        "dependencies": {
          "ListForge.Contracts": "[1.0.0, )",
          "ListForge.Domain": "[1.0.0, )"
        }
      },
      "listforge.contracts": {
        "type": "Project"
      },
      "listforge.domain": {
        "type": "Project"
      }
    }
  }
}